
Microsoft Visual Studio Solution File, Format Version 12.00
# Visual Studio Version 16
VisualStudioVersion = 16.0.33027.164
MinimumVisualStudioVersion = 10.0.40219.1
Project("{FAE04EC0-301F-11D3-BF4B-00C04F79EFBC}") = "WebApplication5", "WebApplication5.csproj", "{8298AA72-6550-4230-99C4-C0E37A2299E2}"
EndProject
Global
	GlobalSection(SolutionConfigurationPlatforms) = preSolution
		Debug|Any CPU = Debug|Any CPU
		Release|Any CPU = Release|Any CPU
	EndGlobalSection
	GlobalSection(ProjectConfigurationPlatforms) = postSolution
		{8298AA72-6550-4230-99C4-C0E37A2299E2}.Debug|Any CPU.ActiveCfg = Debug|Any CPU
		{8298AA72-6550-4230-99C4-C0E37A2299E2}.Debug|Any CPU.Build.0 = Debug|Any CPU
		{8298AA72-6550-4230-99C4-C0E37A2299E2}.Release|Any CPU.ActiveCfg = Release|Any CPU
		{8298AA72-6550-4230-99C4-C0E37A2299E2}.Release|Any CPU.Build.0 = Release|Any CPU
	EndGlobalSection
	GlobalSection(SolutionProperties) = preSolution
		HideSolutionNode = FALSE
	EndGlobalSection
	GlobalSection(ExtensibilityGlobals) = postSolution
		SolutionGuid = {5CE6D69B-E8C6-4844-A13E-2A17376C8518}
	EndGlobalSection
EndGlobal
